
Microsoft Visual Studio Solution File, Format Version 12.00
# Visual Studio Version 17
VisualStudioVersion = 17.2.32630.192
MinimumVisualStudioVersion = 10.0.40219.1
Project("{9A19103F-16F7-4668-BE54-9A1E7A4F7556}") = "fiap", "fiap.web\fiap.csproj", "{8AFD8BCC-31B4-4254-8891-710D9B7B2024}"
EndProject
Project("{9A19103F-16F7-4668-BE54-9A1E7A4F7556}") = "fiap.api", "fiap.api\fiap.api\fiap.api.csproj", "{29C2FEA6-97FA-43F1-AEAD-468BD97D391B}"
EndProject
Project("{FAE04EC0-301F-11D3-BF4B-00C04F79EFBC}") = "fiap.domain", "fiap.domain\fiap.domain.csproj", "{D0515F4F-00BC-410C-A94C-CE78F4875F42}"
EndProject
Project("{FAE04EC0-301F-11D3-BF4B-00C04F79EFBC}") = "fiap.application", "fiap.application\fiap.application.csproj", "{30C59D63-4361-46B6-8D7F-2797A0617FAE}"
EndProject
Project("{2150E333-8FDC-42A3-9474-1A3956D46DE8}") = "final", "final", "{0044B4A1-D9E0-4213-8721-B88A8F1EDFD1}"
EndProject
Project("{FAE04EC0-301F-11D3-BF4B-00C04F79EFBC}") = "fiap.persistence", "fiap.persistence\fiap.persistence.csproj", "{88AD67AE-144D-4017-B9D8-AC4B3F6D2A90}"
EndProject
Project("{FAE04EC0-301F-11D3-BF4B-00C04F79EFBC}") = "fiap.infrastructure", "fiap.infrastructure\fiap.infrastructure.csproj", "{17286CF0-0464-4952-889B-37959FF14BE2}"
EndProject
Project("{FAE04EC0-301F-11D3-BF4B-00C04F79EFBC}") = "fiap.IoC", "fiap.IoC\fiap.IoC.csproj", "{B93007FF-D48F-4676-99EE-BC36D497C707}"
EndProject
Project("{2150E333-8FDC-42A3-9474-1A3956D46DE8}") = "test", "test", "{B9656454-11E0-452E-B4DB-FEF13C959FC6}"
EndProject
Project("{FAE04EC0-301F-11D3-BF4B-00C04F79EFBC}") = "fiap.test", "fiap.test\fiap.test.csproj", "{AA326B68-3600-40EA-ACFD-52DEE4DB3E0E}"
EndProject
Global
	GlobalSection(SolutionConfigurationPlatforms) = preSolution
		Debug|Any CPU = Debug|Any CPU
		Release|Any CPU = Release|Any CPU
	EndGlobalSection
	GlobalSection(ProjectConfigurationPlatforms) = postSolution
		{8AFD8BCC-31B4-4254-8891-710D9B7B2024}.Debug|Any CPU.ActiveCfg = Debug|Any CPU
		{8AFD8BCC-31B4-4254-8891-710D9B7B2024}.Debug|Any CPU.Build.0 = Debug|Any CPU
		{8AFD8BCC-31B4-4254-8891-710D9B7B2024}.Release|Any CPU.ActiveCfg = Release|Any CPU
		{8AFD8BCC-31B4-4254-8891-710D9B7B2024}.Release|Any CPU.Build.0 = Release|Any CPU
		{29C2FEA6-97FA-43F1-AEAD-468BD97D391B}.Debug|Any CPU.ActiveCfg = Debug|Any CPU
		{29C2FEA6-97FA-43F1-AEAD-468BD97D391B}.Debug|Any CPU.Build.0 = Debug|Any CPU
		{29C2FEA6-97FA-43F1-AEAD-468BD97D391B}.Release|Any CPU.ActiveCfg = Release|Any CPU
		{29C2FEA6-97FA-43F1-AEAD-468BD97D391B}.Release|Any CPU.Build.0 = Release|Any CPU
		{D0515F4F-00BC-410C-A94C-CE78F4875F42}.Debug|Any CPU.ActiveCfg = Debug|Any CPU
		{D0515F4F-00BC-410C-A94C-CE78F4875F42}.Debug|Any CPU.Build.0 = Debug|Any CPU
		{D0515F4F-00BC-410C-A94C-CE78F4875F42}.Release|Any CPU.ActiveCfg = Release|Any CPU
		{D0515F4F-00BC-410C-A94C-CE78F4875F42}.Release|Any CPU.Build.0 = Release|Any CPU
		{30C59D63-4361-46B6-8D7F-2797A0617FAE}.Debug|Any CPU.ActiveCfg = Debug|Any CPU
		{30C59D63-4361-46B6-8D7F-2797A0617FAE}.Debug|Any CPU.Build.0 = Debug|Any CPU
		{30C59D63-4361-46B6-8D7F-2797A0617FAE}.Release|Any CPU.ActiveCfg = Release|Any CPU
		{30C59D63-4361-46B6-8D7F-2797A0617FAE}.Release|Any CPU.Build.0 = Release|Any CPU
		{88AD67AE-144D-4017-B9D8-AC4B3F6D2A90}.Debug|Any CPU.ActiveCfg = Debug|Any CPU
		{88AD67AE-144D-4017-B9D8-AC4B3F6D2A90}.Debug|Any CPU.Build.0 = Debug|Any CPU
		{88AD67AE-144D-4017-B9D8-AC4B3F6D2A90}.Release|Any CPU.ActiveCfg = Release|Any CPU
		{88AD67AE-144D-4017-B9D8-AC4B3F6D2A90}.Release|Any CPU.Build.0 = Release|Any CPU
		{17286CF0-0464-4952-889B-37959FF14BE2}.Debug|Any CPU.ActiveCfg = Debug|Any CPU
		{17286CF0-0464-4952-889B-37959FF14BE2}.Debug|Any CPU.Build.0 = Debug|Any CPU
		{17286CF0-0464-4952-889B-37959FF14BE2}.Release|Any CPU.ActiveCfg = Release|Any CPU
		{17286CF0-0464-4952-889B-37959FF14BE2}.Release|Any CPU.Build.0 = Release|Any CPU
		{B93007FF-D48F-4676-99EE-BC36D497C707}.Debug|Any CPU.ActiveCfg = Debug|Any CPU
		{B93007FF-D48F-4676-99EE-BC36D497C707}.Debug|Any CPU.Build.0 = Debug|Any CPU
		{B93007FF-D48F-4676-99EE-BC36D497C707}.Release|Any CPU.ActiveCfg = Release|Any CPU
		{B93007FF-D48F-4676-99EE-BC36D497C707}.Release|Any CPU.Build.0 = Release|Any CPU
		{AA326B68-3600-40EA-ACFD-52DEE4DB3E0E}.Debug|Any CPU.ActiveCfg = Debug|Any CPU
		{AA326B68-3600-40EA-ACFD-52DEE4DB3E0E}.Debug|Any CPU.Build.0 = Debug|Any CPU
		{AA326B68-3600-40EA-ACFD-52DEE4DB3E0E}.Release|Any CPU.ActiveCfg = Release|Any CPU
		{AA326B68-3600-40EA-ACFD-52DEE4DB3E0E}.Release|Any CPU.Build.0 = Release|Any CPU
	EndGlobalSection
	GlobalSection(SolutionProperties) = preSolution
		HideSolutionNode = FALSE
	EndGlobalSection
	GlobalSection(NestedProjects) = preSolution
		{8AFD8BCC-31B4-4254-8891-710D9B7B2024} = {0044B4A1-D9E0-4213-8721-B88A8F1EDFD1}
		{29C2FEA6-97FA-43F1-AEAD-468BD97D391B} = {0044B4A1-D9E0-4213-8721-B88A8F1EDFD1}
		{D0515F4F-00BC-410C-A94C-CE78F4875F42} = {0044B4A1-D9E0-4213-8721-B88A8F1EDFD1}
		{30C59D63-4361-46B6-8D7F-2797A0617FAE} = {0044B4A1-D9E0-4213-8721-B88A8F1EDFD1}
		{88AD67AE-144D-4017-B9D8-AC4B3F6D2A90} = {0044B4A1-D9E0-4213-8721-B88A8F1EDFD1}
		{17286CF0-0464-4952-889B-37959FF14BE2} = {0044B4A1-D9E0-4213-8721-B88A8F1EDFD1}
		{B93007FF-D48F-4676-99EE-BC36D497C707} = {0044B4A1-D9E0-4213-8721-B88A8F1EDFD1}
		{AA326B68-3600-40EA-ACFD-52DEE4DB3E0E} = {B9656454-11E0-452E-B4DB-FEF13C959FC6}
	EndGlobalSection
	GlobalSection(ExtensibilityGlobals) = postSolution
		SolutionGuid = {CCC04349-A138-44E3-8F6B-BDC956ED792C}
	EndGlobalSection
EndGlobal
